// !$*UTF8*$!
{
	archiveVersion = 1;
	classes = {
	};
	objectVersion = 56;
	objects = {

/* Begin PBXBuildFile section */
		B29E9AA729F5BED0009BD005 /* aboutRoniAppApp.swift in Sources */ = {isa = PBXBuildFile; fileRef = B29E9AA629F5BED0009BD005 /* aboutRoniAppApp.swift */; };
		B29E9AA929F5BED0009BD005 /* ContentView.swift in Sources */ = {isa = PBXBuildFile; fileRef = B29E9AA829F5BED0009BD005 /* ContentView.swift */; };
		B29E9AAB29F5BED1009BD005 /* Assets.xcassets in Resources */ = {isa = PBXBuildFile; fileRef = B29E9AAA29F5BED1009BD005 /* Assets.xcassets */; };
		B29E9AAE29F5BED1009BD005 /* Preview Assets.xcassets in Resources */ = {isa = PBXBuildFile; fileRef = B29E9AAD29F5BED1009BD005 /* Preview Assets.xcassets */; };
		B29E9AB829F5BED1009BD005 /* aboutRoniAppTests.swift in Sources */ = {isa = PBXBuildFile; fileRef = B29E9AB729F5BED1009BD005 /* aboutRoniAppTests.swift */; };
		B29E9AC229F5BED1009BD005 /* aboutRoniAppUITests.swift in Sources */ = {isa = PBXBuildFile; fileRef = B29E9AC129F5BED1009BD005 /* aboutRoniAppUITests.swift */; };
		B29E9AC429F5BED1009BD005 /* aboutRoniAppUITestsLaunchTests.swift in Sources */ = {isa = PBXBuildFile; fileRef = B29E9AC329F5BED1009BD005 /* aboutRoniAppUITestsLaunchTests.swift */; };
/* End PBXBuildFile section */

/* Begin PBXContainerItemProxy section */
		B29E9AB429F5BED1009BD005 /* PBXContainerItemProxy */ = {
			isa = PBXContainerItemProxy;
			containerPortal = B29E9A9B29F5BED0009BD005 /* Project object */;
			proxyType = 1;
			remoteGlobalIDString = B29E9AA229F5BED0009BD005;
			remoteInfo = aboutRoniApp;
		};
		B29E9ABE29F5BED1009BD005 /* PBXContainerItemProxy */ = {
			isa = PBXContainerItemProxy;
			containerPortal = B29E9A9B29F5BED0009BD005 /* Project object */;
			proxyType = 1;
			remoteGlobalIDString = B29E9AA229F5BED0009BD005;
			remoteInfo = aboutRoniApp;
		};
/* End PBXContainerItemProxy section */

/* Begin PBXFileReference section */
		B29E9AA329F5BED0009BD005 /* aboutRoniApp.app */ = {isa = PBXFileReference; explicitFileType = wrapper.application; includeInIndex = 0; path = aboutRoniApp.app; sourceTree = BUILT_PRODUCTS_DIR; };
		B29E9AA629F5BED0009BD005 /* aboutRoniAppApp.swift */ = {isa = PBXFileReference; lastKnownFileType = sourcecode.swift; path = aboutRoniAppApp.swift; sourceTree = "<group>"; };
		B29E9AA829F5BED0009BD005 /* ContentView.swift */ = {isa = PBXFileReference; lastKnownFileType = sourcecode.swift; path = ContentView.swift; sourceTree = "<group>"; };
		B29E9AAA29F5BED1009BD005 /* Assets.xcassets */ = {isa = PBXFileReference; lastKnownFileType = folder.assetcatalog; path = Assets.xcassets; sourceTree = "<group>"; };
		B29E9AAD29F5BED1009BD005 /* Preview Assets.xcassets */ = {isa = PBXFileReference; lastKnownFileType = folder.assetcatalog; path = "Preview Assets.xcassets"; sourceTree = "<group>"; };
		B29E9AB329F5BED1009BD005 /* aboutRoniAppTests.xctest */ = {isa = PBXFileReference; explicitFileType = wrapper.cfbundle; includeInIndex = 0; path = aboutRoniAppTests.xctest; sourceTree = BUILT_PRODUCTS_DIR; };
		B29E9AB729F5BED1009BD005 /* aboutRoniAppTests.swift */ = {isa = PBXFileReference; lastKnownFileType = sourcecode.swift; path = aboutRoniAppTests.swift; sourceTree = "<group>"; };
		B29E9ABD29F5BED1009BD005 /* aboutRoniAppUITests.xctest */ = {isa = PBXFileReference; explicitFileType = wrapper.cfbundle; includeInIndex = 0; path = aboutRoniAppUITests.xctest; sourceTree = BUILT_PRODUCTS_DIR; };
		B29E9AC129F5BED1009BD005 /* aboutRoniAppUITests.swift */ = {isa = PBXFileReference; lastKnownFileType = sourcecode.swift; path = aboutRoniAppUITests.swift; sourceTree = "<group>"; };
		B29E9AC329F5BED1009BD005 /* aboutRoniAppUITestsLaunchTests.swift */ = {isa = PBXFileReference; lastKnownFileType = sourcecode.swift; path = aboutRoniAppUITestsLaunchTests.swift; sourceTree = "<group>"; };
/* End PBXFileReference section */

/* Begin PBXFrameworksBuildPhase section */
		B29E9AA029F5BED0009BD005 /* Frameworks */ = {
			isa = PBXFrameworksBuildPhase;
			buildActionMask = 2147483647;
			files = (
			);
			runOnlyForDeploymentPostprocessing = 0;
		};
		B29E9AB029F5BED1009BD005 /* Frameworks */ = {
			isa = PBXFrameworksBuildPhase;
			buildActionMask = 2147483647;
			files = (
			);
			runOnlyForDeploymentPostprocessing = 0;
		};
		B29E9ABA29F5BED1009BD005 /* Frameworks */ = {
			isa = PBXFrameworksBuildPhase;
			buildActionMask = 2147483647;
			files = (
			);
			runOnlyForDeploymentPostprocessing = 0;
		};
/* End PBXFrameworksBuildPhase section */

/* Begin PBXGroup section */
		B29E9A9A29F5BED0009BD005 = {
			isa = PBXGroup;
			children = (
				B29E9AA529F5BED0009BD005 /* aboutRoniApp */,
				B29E9AB629F5BED1009BD005 /* aboutRoniAppTests */,
				B29E9AC029F5BED1009BD005 /* aboutRoniAppUITests */,
				B29E9AA429F5BED0009BD005 /* Products */,
			);
			sourceTree = "<group>";
		};
		B29E9AA429F5BED0009BD005 /* Products */ = {
			isa = PBXGroup;
			children = (
				B29E9AA329F5BED0009BD005 /* aboutRoniApp.app */,
				B29E9AB329F5BED1009BD005 /* aboutRoniAppTests.xctest */,
				B29E9ABD29F5BED1009BD005 /* aboutRoniAppUITests.xctest */,
			);
			name = Products;
			sourceTree = "<group>";
		};
		B29E9AA529F5BED0009BD005 /* aboutRoniApp */ = {
			isa = PBXGroup;
			children = (
				B29E9AA629F5BED0009BD005 /* aboutRoniAppApp.swift */,
				B29E9AA829F5BED0009BD005 /* ContentView.swift */,
				B29E9AAA29F5BED1009BD005 /* Assets.xcassets */,
				B29E9AAC29F5BED1009BD005 /* Preview Content */,
			);
			path = aboutRoniApp;
			sourceTree = "<group>";
		};
		B29E9AAC29F5BED1009BD005 /* Preview Content */ = {
			isa = PBXGroup;
			children = (
				B29E9AAD29F5BED1009BD005 /* Preview Assets.xcassets */,
			);
			path = "Preview Content";
			sourceTree = "<group>";
		};
		B29E9AB629F5BED1009BD005 /* aboutRoniAppTests */ = {
			isa = PBXGroup;
			children = (
				B29E9AB729F5BED1009BD005 /* aboutRoniAppTests.swift */,
			);
			path = aboutRoniAppTests;
			sourceTree = "<group>";
		};
		B29E9AC029F5BED1009BD005 /* aboutRoniAppUITests */ = {
			isa = PBXGroup;
			children = (
				B29E9AC129F5BED1009BD005 /* aboutRoniAppUITests.swift */,
				B29E9AC329F5BED1009BD005 /* aboutRoniAppUITestsLaunchTests.swift */,
			);
			path = aboutRoniAppUITests;
			sourceTree = "<group>";
		};
/* End PBXGroup section */

/* Begin PBXNativeTarget section */
		B29E9AA229F5BED0009BD005 /* aboutRoniApp */ = {
			isa = PBXNativeTarget;
			buildConfigurationList = B29E9AC729F5BED1009BD005 /* Build configuration list for PBXNativeTarget "aboutRoniApp" */;
			buildPhases = (
				B29E9A9F29F5BED0009BD005 /* Sources */,
				B29E9AA029F5BED0009BD005 /* Frameworks */,
				B29E9AA129F5BED0009BD005 /* Resources */,
			);
			buildRules = (
			);
			dependencies = (
			);
			name = aboutRoniApp;
			productName = aboutRoniApp;
			productReference = B29E9AA329F5BED0009BD005 /* aboutRoniApp.app */;
			productType = "com.apple.product-type.application";
		};
		B29E9AB229F5BED1009BD005 /* aboutRoniAppTests */ = {
			isa = PBXNativeTarget;
			buildConfigurationList = B29E9ACA29F5BED1009BD005 /* Build configuration list for PBXNativeTarget "aboutRoniAppTests" */;
			buildPhases = (
				B29E9AAF29F5BED1009BD005 /* Sources */,
				B29E9AB029F5BED1009BD005 /* Frameworks */,
				B29E9AB129F5BED1009BD005 /* Resources */,
			);
			buildRules = (
			);
			dependencies = (
				B29E9AB529F5BED1009BD005 /* PBXTargetDependency */,
			);
			name = aboutRoniAppTests;
			productName = aboutRoniAppTests;
			productReference = B29E9AB329F5BED1009BD005 /* aboutRoniAppTests.xctest */;
			productType = "com.apple.product-type.bundle.unit-test";
		};
		B29E9ABC29F5BED1009BD005 /* aboutRoniAppUITests */ = {
			isa = PBXNativeTarget;
			buildConfigurationList = B29E9ACD29F5BED1009BD005 /* Build configuration list for PBXNativeTarget "aboutRoniAppUITests" */;
			buildPhases = (
				B29E9AB929F5BED1009BD005 /* Sources */,
				B29E9ABA29F5BED1009BD005 /* Frameworks */,
				B29E9ABB29F5BED1009BD005 /* Resources */,
			);
			buildRules = (
			);
			dependencies = (
				B29E9ABF29F5BED1009BD005 /* PBXTargetDependency */,
			);
			name = aboutRoniAppUITests;
			productName = aboutRoniAppUITests;
			productReference = B29E9ABD29F5BED1009BD005 /* aboutRoniAppUITests.xctest */;
			productType = "com.apple.product-type.bundle.ui-testing";
		};
/* End PBXNativeTarget section */

/* Begin PBXProject section */
		B29E9A9B29F5BED0009BD005 /* Project object */ = {
			isa = PBXProject;
			attributes = {
				BuildIndependentTargetsInParallel = 1;
				LastSwiftUpdateCheck = 1430;
				LastUpgradeCheck = 1430;
				TargetAttributes = {
					B29E9AA229F5BED0009BD005 = {
						CreatedOnToolsVersion = 14.3;
					};
					B29E9AB229F5BED1009BD005 = {
						CreatedOnToolsVersion = 14.3;
						TestTargetID = B29E9AA229F5BED0009BD005;
					};
					B29E9ABC29F5BED1009BD005 = {
						CreatedOnToolsVersion = 14.3;
						TestTargetID = B29E9AA229F5BED0009BD005;
					};
				};
			};
			buildConfigurationList = B29E9A9E29F5BED0009BD005 /* Build configuration list for PBXProject "aboutRoniApp" */;
			compatibilityVersion = "Xcode 14.0";
			developmentRegion = en;
			hasScannedForEncodings = 0;
			knownRegions = (
				en,
				Base,
			);
			mainGroup = B29E9A9A29F5BED0009BD005;
			productRefGroup = B29E9AA429F5BED0009BD005 /* Products */;
			projectDirPath = "";
			projectRoot = "";
			targets = (
				B29E9AA229F5BED0009BD005 /* aboutRoniApp */,
				B29E9AB229F5BED1009BD005 /* aboutRoniAppTests */,
				B29E9ABC29F5BED1009BD005 /* aboutRoniAppUITests */,
			);
		};
/* End PBXProject section */

/* Begin PBXResourcesBuildPhase section */
		B29E9AA129F5BED0009BD005 /* Resources */ = {
			isa = PBXResourcesBuildPhase;
			buildActionMask = 2147483647;
			files = (
				B29E9AAE29F5BED1009BD005 /* Preview Assets.xcassets in Resources */,
				B29E9AAB29F5BED1009BD005 /* Assets.xcassets in Resources */,
			);
			runOnlyForDeploymentPostprocessing = 0;
		};
		B29E9AB129F5BED1009BD005 /* Resources */ = {
			isa = PBXResourcesBuildPhase;
			buildActionMask = 2147483647;
			files = (
			);
			runOnlyForDeploymentPostprocessing = 0;
		};
		B29E9ABB29F5BED1009BD005 /* Resources */ = {
			isa = PBXResourcesBuildPhase;
			buildActionMask = 2147483647;
			files = (
			);
			runOnlyForDeploymentPostprocessing = 0;
		};
/* End PBXResourcesBuildPhase section */

/* Begin PBXSourcesBuildPhase section */
		B29E9A9F29F5BED0009BD005 /* Sources */ = {
			isa = PBXSourcesBuildPhase;
			buildActionMask = 2147483647;
			files = (
				B29E9AA929F5BED0009BD005 /* ContentView.swift in Sources */,
				B29E9AA729F5BED0009BD005 /* aboutRoniAppApp.swift in Sources */,
			);
			runOnlyForDeploymentPostprocessing = 0;
		};
		B29E9AAF29F5BED1009BD005 /* Sources */ = {
			isa = PBXSourcesBuildPhase;
			buildActionMask = 2147483647;
			files = (
				B29E9AB829F5BED1009BD005 /* aboutRoniAppTests.swift in Sources */,
			);
			runOnlyForDeploymentPostprocessing = 0;
		};
		B29E9AB929F5BED1009BD005 /* Sources */ = {
			isa = PBXSourcesBuildPhase;
			buildActionMask = 2147483647;
			files = (
				B29E9AC429F5BED1009BD005 /* aboutRoniAppUITestsLaunchTests.swift in Sources */,
				B29E9AC229F5BED1009BD005 /* aboutRoniAppUITests.swift in Sources */,
			);
			runOnlyForDeploymentPostprocessing = 0;
		};
/* End PBXSourcesBuildPhase section */

/* Begin PBXTargetDependency section */
		B29E9AB529F5BED1009BD005 /* PBXTargetDependency */ = {
			isa = PBXTargetDependency;
			target = B29E9AA229F5BED0009BD005 /* aboutRoniApp */;
			targetProxy = B29E9AB429F5BED1009BD005 /* PBXContainerItemProxy */;
		};
		B29E9ABF29F5BED1009BD005 /* PBXTargetDependency */ = {
			isa = PBXTargetDependency;
			target = B29E9AA229F5BED0009BD005 /* aboutRoniApp */;
			targetProxy = B29E9ABE29F5BED1009BD005 /* PBXContainerItemProxy */;
		};
/* End PBXTargetDependency section */

/* Begin XCBuildConfiguration section */
		B29E9AC529F5BED1009BD005 /* Debug */ = {
			isa = XCBuildConfiguration;
			buildSettings = {
				ALWAYS_SEARCH_USER_PATHS = NO;
				CLANG_ANALYZER_NONNULL = YES;
				CLANG_ANALYZER_NUMBER_OBJECT_CONVERSION = YES_AGGRESSIVE;
				CLANG_CXX_LANGUAGE_STANDARD = "gnu++20";
				CLANG_ENABLE_MODULES = YES;
				CLANG_ENABLE_OBJC_ARC = YES;
				CLANG_ENABLE_OBJC_WEAK = YES;
				CLANG_WARN_BLOCK_CAPTURE_AUTORELEASING = YES;
				CLANG_WARN_BOOL_CONVERSION = YES;
				CLANG_WARN_COMMA = YES;
				CLANG_WARN_CONSTANT_CONVERSION = YES;
				CLANG_WARN_DEPRECATED_OBJC_IMPLEMENTATIONS = YES;
				CLANG_WARN_DIRECT_OBJC_ISA_USAGE = YES_ERROR;
				CLANG_WARN_DOCUMENTATION_COMMENTS = YES;
				CLANG_WARN_EMPTY_BODY = YES;
				CLANG_WARN_ENUM_CONVERSION = YES;
				CLANG_WARN_INFINITE_RECURSION = YES;
				CLANG_WARN_INT_CONVERSION = YES;
				CLANG_WARN_NON_LITERAL_NULL_CONVERSION = YES;
				CLANG_WARN_OBJC_IMPLICIT_RETAIN_SELF = YES;
				CLANG_WARN_OBJC_LITERAL_CONVERSION = YES;
				CLANG_WARN_OBJC_ROOT_CLASS = YES_ERROR;
				CLANG_WARN_QUOTED_INCLUDE_IN_FRAMEWORK_HEADER = YES;
				CLANG_WARN_RANGE_LOOP_ANALYSIS = YES;
				CLANG_WARN_STRICT_PROTOTYPES = YES;
				CLANG_WARN_SUSPICIOUS_MOVE = YES;
				CLANG_WARN_UNGUARDED_AVAILABILITY = YES_AGGRESSIVE;
				CLANG_WARN_UNREACHABLE_CODE = YES;
				CLANG_WARN__DUPLICATE_METHOD_MATCH = YES;
				COPY_PHASE_STRIP = NO;
				DEBUG_INFORMATION_FORMAT = dwarf;
				ENABLE_STRICT_OBJC_MSGSEND = YES;
				ENABLE_TESTABILITY = YES;
				GCC_C_LANGUAGE_STANDARD = gnu11;
				GCC_DYNAMIC_NO_PIC = NO;
				GCC_NO_COMMON_BLOCKS = YES;
				GCC_OPTIMIZATION_LEVEL = 0;
				GCC_PREPROCESSOR_DEFINITIONS = (
					"DEBUG=1",
					"$(inherited)",
				);
				GCC_WARN_64_TO_32_BIT_CONVERSION = YES;
				GCC_WARN_ABOUT_RETURN_TYPE = YES_ERROR;
				GCC_WARN_UNDECLARED_SELECTOR = YES;
				GCC_WARN_UNINITIALIZED_AUTOS = YES_AGGRESSIVE;
				GCC_WARN_UNUSED_FUNCTION = YES;
				GCC_WARN_UNUSED_VARIABLE = YES;
				IPHONEOS_DEPLOYMENT_TARGET = 16.4;
				MTL_ENABLE_DEBUG_INFO = INCLUDE_SOURCE;
				MTL_FAST_MATH = YES;
				ONLY_ACTIVE_ARCH = YES;
				SDKROOT = iphoneos;
				SWIFT_ACTIVE_COMPILATION_CONDITIONS = DEBUG;
				SWIFT_OPTIMIZATION_LEVEL = "-Onone";
			};
			name = Debug;
		};
		B29E9AC629F5BED1009BD005 /* Release */ = {
			isa = XCBuildConfiguration;
			buildSettings = {
				ALWAYS_SEARCH_USER_PATHS = NO;
				CLANG_ANALYZER_NONNULL = YES;
				CLANG_ANALYZER_NUMBER_OBJECT_CONVERSION = YES_AGGRESSIVE;
				CLANG_CXX_LANGUAGE_STANDARD = "gnu++20";
				CLANG_ENABLE_MODULES = YES;
				CLANG_ENABLE_OBJC_ARC = YES;
				CLANG_ENABLE_OBJC_WEAK = YES;
				CLANG_WARN_BLOCK_CAPTURE_AUTORELEASING = YES;
				CLANG_WARN_BOOL_CONVERSION = YES;
				CLANG_WARN_COMMA = YES;
				CLANG_WARN_CONSTANT_CONVERSION = YES;
				CLANG_WARN_DEPRECATED_OBJC_IMPLEMENTATIONS = YES;
				CLANG_WARN_DIRECT_OBJC_ISA_USAGE = YES_ERROR;
				CLANG_WARN_DOCUMENTATION_COMMENTS = YES;
				CLANG_WARN_EMPTY_BODY = YES;
				CLANG_WARN_ENUM_CONVERSION = YES;
				CLANG_WARN_INFINITE_RECURSION = YES;
				CLANG_WARN_INT_CONVERSION = YES;
				CLANG_WARN_NON_LITERAL_NULL_CONVERSION = YES;
				CLANG_WARN_OBJC_IMPLICIT_RETAIN_SELF = YES;
				CLANG_WARN_OBJC_LITERAL_CONVERSION = YES;
				CLANG_WARN_OBJC_ROOT_CLASS = YES_ERROR;
				CLANG_WARN_QUOTED_INCLUDE_IN_FRAMEWORK_HEADER = YES;
				CLANG_WARN_RANGE_LOOP_ANALYSIS = YES;
				CLANG_WARN_STRICT_PROTOTYPES = YES;
				CLANG_WARN_SUSPICIOUS_MOVE = YES;
				CLANG_WARN_UNGUARDED_AVAILABILITY = YES_AGGRESSIVE;
				CLANG_WARN_UNREACHABLE_CODE = YES;
				CLANG_WARN__DUPLICATE_METHOD_MATCH = YES;
				COPY_PHASE_STRIP = NO;
				DEBUG_INFORMATION_FORMAT = "dwarf-with-dsym";
				ENABLE_NS_ASSERTIONS = NO;
				ENABLE_STRICT_OBJC_MSGSEND = YES;
				GCC_C_LANGUAGE_STANDARD = gnu11;
				GCC_NO_COMMON_BLOCKS = YES;
				GCC_WARN_64_TO_32_BIT_CONVERSION = YES;
				GCC_WARN_ABOUT_RETURN_TYPE = YES_ERROR;
				GCC_WARN_UNDECLARED_SELECTOR = YES;
				GCC_WARN_UNINITIALIZED_AUTOS = YES_AGGRESSIVE;
				GCC_WARN_UNUSED_FUNCTION = YES;
				GCC_WARN_UNUSED_VARIABLE = YES;
				IPHONEOS_DEPLOYMENT_TARGET = 16.4;
				MTL_ENABLE_DEBUG_INFO = NO;
				MTL_FAST_MATH = YES;
				SDKROOT = iphoneos;
				SWIFT_COMPILATION_MODE = wholemodule;
				SWIFT_OPTIMIZATION_LEVEL = "-O";
				VALIDATE_PRODUCT = YES;
			};
			name = Release;
		};
		B29E9AC829F5BED1009BD005 /* Debug */ = {
			isa = XCBuildConfiguration;
			buildSettings = {
				ASSETCATALOG_COMPILER_APPICON_NAME = AppIcon;
				ASSETCATALOG_COMPILER_GLOBAL_ACCENT_COLOR_NAME = AccentColor;
				CODE_SIGN_STYLE = Automatic;
				CURRENT_PROJECT_VERSION = 1;
				DEVELOPMENT_ASSET_PATHS = "\"aboutRoniApp/Preview Content\"";
				ENABLE_PREVIEWS = YES;
				GENERATE_INFOPLIST_FILE = YES;
				INFOPLIST_KEY_UIApplicationSceneManifest_Generation = YES;
				INFOPLIST_KEY_UIApplicationSupportsIndirectInputEvents = YES;
				INFOPLIST_KEY_UILaunchScreen_Generation = YES;
				INFOPLIST_KEY_UISupportedInterfaceOrientations_iPad = "UIInterfaceOrientationPortrait UIInterfaceOrientationPortraitUpsideDown UIInterfaceOrientationLandscapeLeft UIInterfaceOrientationLandscapeRight";
				INFOPLIST_KEY_UISupportedInterfaceOrientations_iPhone = "UIInterfaceOrientationPortrait UIInterfaceOrientationLandscapeLeft UIInterfaceOrientationLandscapeRight";
				LD_RUNPATH_SEARCH_PATHS = (
					"$(inherited)",
					"@executable_path/Frameworks",
				);
				MARKETING_VERSION = 1.0;
				PRODUCT_BUNDLE_IDENTIFIER = kwk2023.aboutRoniApp;
				PRODUCT_NAME = "$(TARGET_NAME)";
				SWIFT_EMIT_LOC_STRINGS = YES;
				SWIFT_VERSION = 5.0;
				TARGETED_DEVICE_FAMILY = "1,2";
			};
			name = Debug;
		};
		B29E9AC929F5BED1009BD005 /* Release */ = {
			isa = XCBuildConfiguration;
			buildSettings = {
				ASSETCATALOG_COMPILER_APPICON_NAME = AppIcon;
				ASSETCATALOG_COMPILER_GLOBAL_ACCENT_COLOR_NAME = AccentColor;
				CODE_SIGN_STYLE = Automatic;
				CURRENT_PROJECT_VERSION = 1;
				DEVELOPMENT_ASSET_PATHS = "\"aboutRoniApp/Preview Content\"";
				ENABLE_PREVIEWS = YES;
				GENERATE_INFOPLIST_FILE = YES;
				INFOPLIST_KEY_UIApplicationSceneManifest_Generation = YES;
				INFOPLIST_KEY_UIApplicationSupportsIndirectInputEvents = YES;
				INFOPLIST_KEY_UILaunchScreen_Generation = YES;
				INFOPLIST_KEY_UISupportedInterfaceOrientations_iPad = "UIInterfaceOrientationPortrait UIInterfaceOrientationPortraitUpsideDown UIInterfaceOrientationLandscapeLeft UIInterfaceOrientationLandscapeRight";
				INFOPLIST_KEY_UISupportedInterfaceOrientations_iPhone = "UIInterfaceOrientationPortrait UIInterfaceOrientationLandscapeLeft UIInterfaceOrientationLandscapeRight";
				LD_RUNPATH_SEARCH_PATHS = (
					"$(inherited)",
					"@executable_path/Frameworks",
				);
				MARKETING_VERSION = 1.0;
				PRODUCT_BUNDLE_IDENTIFIER = kwk2023.aboutRoniApp;
				PRODUCT_NAME = "$(TARGET_NAME)";
				SWIFT_EMIT_LOC_STRINGS = YES;
				SWIFT_VERSION = 5.0;
				TARGETED_DEVICE_FAMILY = "1,2";
			};
			name = Release;
		};
		B29E9ACB29F5BED1009BD005 /* Debug */ = {
			isa = XCBuildConfiguration;
			buildSettings = {
				ALWAYS_EMBED_SWIFT_STANDARD_LIBRARIES = YES;
				BUNDLE_LOADER = "$(TEST_HOST)";
				CODE_SIGN_STYLE = Automatic;
				CURRENT_PROJECT_VERSION = 1;
				GENERATE_INFOPLIST_FILE = YES;
				IPHONEOS_DEPLOYMENT_TARGET = 16.4;
				MARKETING_VERSION = 1.0;
				PRODUCT_BUNDLE_IDENTIFIER = kwk2023.aboutRoniAppTests;
				PRODUCT_NAME = "$(TARGET_NAME)";
				SWIFT_EMIT_LOC_STRINGS = NO;
				SWIFT_VERSION = 5.0;
				TARGETED_DEVICE_FAMILY = "1,2";
				TEST_HOST = "$(BUILT_PRODUCTS_DIR)/aboutRoniApp.app/$(BUNDLE_EXECUTABLE_FOLDER_PATH)/aboutRoniApp";
			};
			name = Debug;
		};
		B29E9ACC29F5BED1009BD005 /* Release */ = {
			isa = XCBuildConfiguration;
			buildSettings = {
				ALWAYS_EMBED_SWIFT_STANDARD_LIBRARIES = YES;
				BUNDLE_LOADER = "$(TEST_HOST)";
				CODE_SIGN_STYLE = Automatic;
				CURRENT_PROJECT_VERSION = 1;
				GENERATE_INFOPLIST_FILE = YES;
				IPHONEOS_DEPLOYMENT_TARGET = 16.4;
				MARKETING_VERSION = 1.0;
				PRODUCT_BUNDLE_IDENTIFIER = kwk2023.aboutRoniAppTests;
				PRODUCT_NAME = "$(TARGET_NAME)";
				SWIFT_EMIT_LOC_STRINGS = NO;
				SWIFT_VERSION = 5.0;
				TARGETED_DEVICE_FAMILY = "1,2";
				TEST_HOST = "$(BUILT_PRODUCTS_DIR)/aboutRoniApp.app/$(BUNDLE_EXECUTABLE_FOLDER_PATH)/aboutRoniApp";
			};
			name = Release;
		};
		B29E9ACE29F5BED1009BD005 /* Debug */ = {
			isa = XCBuildConfiguration;
			buildSettings = {
				ALWAYS_EMBED_SWIFT_STANDARD_LIBRARIES = YES;
				CODE_SIGN_STYLE = Automatic;
				CURRENT_PROJECT_VERSION = 1;
				GENERATE_INFOPLIST_FILE = YES;
				MARKETING_VERSION = 1.0;
				PRODUCT_BUNDLE_IDENTIFIER = kwk2023.aboutRoniAppUITests;
				PRODUCT_NAME = "$(TARGET_NAME)";
				SWIFT_EMIT_LOC_STRINGS = NO;
				SWIFT_VERSION = 5.0;
				TARGETED_DEVICE_FAMILY = "1,2";
				TEST_TARGET_NAME = aboutRoniApp;
			};
			name = Debug;
		};
		B29E9ACF29F5BED1009BD005 /* Release */ = {
			isa = XCBuildConfiguration;
			buildSettings = {
				ALWAYS_EMBED_SWIFT_STANDARD_LIBRARIES = YES;
				CODE_SIGN_STYLE = Automatic;
				CURRENT_PROJECT_VERSION = 1;
				GENERATE_INFOPLIST_FILE = YES;
				MARKETING_VERSION = 1.0;
				PRODUCT_BUNDLE_IDENTIFIER = kwk2023.aboutRoniAppUITests;
				PRODUCT_NAME = "$(TARGET_NAME)";
				SWIFT_EMIT_LOC_STRINGS = NO;
				SWIFT_VERSION = 5.0;
				TARGETED_DEVICE_FAMILY = "1,2";
				TEST_TARGET_NAME = aboutRoniApp;
			};
			name = Release;
		};
/* End XCBuildConfiguration section */

/* Begin XCConfigurationList section */
		B29E9A9E29F5BED0009BD005 /* Build configuration list for PBXProject "aboutRoniApp" */ = {
			isa = XCConfigurationList;
			buildConfigurations = (
				B29E9AC529F5BED1009BD005 /* Debug */,
				B29E9AC629F5BED1009BD005 /* Release */,
			);
			defaultConfigurationIsVisible = 0;
			defaultConfigurationName = Release;
		};
		B29E9AC729F5BED1009BD005 /* Build configuration list for PBXNativeTarget "aboutRoniApp" */ = {
			isa = XCConfigurationList;
			buildConfigurations = (
				B29E9AC829F5BED1009BD005 /* Debug */,
				B29E9AC929F5BED1009BD005 /* Release */,
			);
			defaultConfigurationIsVisible = 0;
			defaultConfigurationName = Release;
		};
		B29E9ACA29F5BED1009BD005 /* Build configuration list for PBXNativeTarget "aboutRoniAppTests" */ = {
			isa = XCConfigurationList;
			buildConfigurations = (
				B29E9ACB29F5BED1009BD005 /* Debug */,
				B29E9ACC29F5BED1009BD005 /* Release */,
			);
			defaultConfigurationIsVisible = 0;
			defaultConfigurationName = Release;
		};
		B29E9ACD29F5BED1009BD005 /* Build configuration list for PBXNativeTarget "aboutRoniAppUITests" */ = {
			isa = XCConfigurationList;
			buildConfigurations = (
				B29E9ACE29F5BED1009BD005 /* Debug */,
				B29E9ACF29F5BED1009BD005 /* Release */,
			);
			defaultConfigurationIsVisible = 0;
			defaultConfigurationName = Release;
		};
/* End XCConfigurationList section */
	};
	rootObject = B29E9A9B29F5BED0009BD005 /* Project object */;
}
